PODS:
  - Permission (2.0.4):
    - Permission/Core (= 2.0.4)
  - Permission/Core (2.0.4)
  - Permission/Location (2.0.4):
    - Permission/Core
  - RxPermission/Core (1.0.0):
    - Permission/Core
    - RxSwift
  - RxPermission/Location (1.0.0):
    - Permission/Location
    - RxPermission/Core
  - RxSwift (5.0.0)

DEPENDENCIES:
  - Permission (from `https://github.com/systembugtj/Permission.git`)
  - RxPermission/Location (from `../`)

SPEC REPOS:
  https://github.com/cocoapods/specs.git:
    - RxSwift

EXTERNAL SOURCES:
  Permission:
    :git: https://github.com/systembugtj/Permission.git
  RxPermission:
    :path: "../"

CHECKOUT OPTIONS:
  Permission:
    :commit: d312c04e03777121672b0877f7e78f1387c776c2
    :git: https://github.com/systembugtj/Permission.git

SPEC CHECKSUMS:
  Permission: c53c7235f14d76cd2851364df0a7cf05b464037f
  RxPermission: 34f2f8b2762240e630f36fec404f2ef75c212a59
  RxSwift: 8b0671caa829a763bbce7271095859121cbd895f

PODFILE CHECKSUM: 392e686592ef5da795446439942bd170a03eca71

COCOAPODS: 1.7.5
